
Microsoft Visual Studio Solution File, Format Version 12.00
# Visual Studio Version 17
VisualStudioVersion = 17.7.34221.43
MinimumVisualStudioVersion = 10.0.40219.1
Project("{9A19103F-16F7-4668-BE54-9A1E7A4F7556}") = "Stage0", "Stage0\Stage0.csproj", "{6BFA047A-81FA-4A47-BED2-925FEBBD2D02}"
EndProject
Project("{2150E333-8FDC-42A3-9474-1A3956D46DE8}") = "Solution Items", "Solution Items", "{5D851997-8AB4-48A9-8EE8-314310A9B0BA}"
	ProjectSection(SolutionItems) = preProject
		README.md = README.md
	EndProjectSection
EndProject
Project("{FAE04EC0-301F-11D3-BF4B-00C04F79EFBC}") = "DalFacade", "DalFacade\DalFacade.csproj", "{34B0BC07-B655-4702-AC19-6A852ADAEC7C}"
EndProject
Project("{FAE04EC0-301F-11D3-BF4B-00C04F79EFBC}") = "DalList", "DalList\DalList.csproj", "{79A1A6BB-FA42-4FB7-A5B3-7D40EDAD240E}"
EndProject
Project("{FAE04EC0-301F-11D3-BF4B-00C04F79EFBC}") = "DalTest", "DalTest\DalTest.csproj", "{B60FF56B-C832-4CD3-B396-DB4356C2D655}"
EndProject
Global
	GlobalSection(SolutionConfigurationPlatforms) = preSolution
		Debug|Any CPU = Debug|Any CPU
		Release|Any CPU = Release|Any CPU
	EndGlobalSection
	GlobalSection(ProjectConfigurationPlatforms) = postSolution
		{6BFA047A-81FA-4A47-BED2-925FEBBD2D02}.Debug|Any CPU.ActiveCfg = Debug|Any CPU
		{6BFA047A-81FA-4A47-BED2-925FEBBD2D02}.Debug|Any CPU.Build.0 = Debug|Any CPU
		{6BFA047A-81FA-4A47-BED2-925FEBBD2D02}.Release|Any CPU.ActiveCfg = Release|Any CPU
		{6BFA047A-81FA-4A47-BED2-925FEBBD2D02}.Release|Any CPU.Build.0 = Release|Any CPU
		{34B0BC07-B655-4702-AC19-6A852ADAEC7C}.Debug|Any CPU.ActiveCfg = Debug|Any CPU
		{34B0BC07-B655-4702-AC19-6A852ADAEC7C}.Debug|Any CPU.Build.0 = Debug|Any CPU
		{34B0BC07-B655-4702-AC19-6A852ADAEC7C}.Release|Any CPU.ActiveCfg = Release|Any CPU
		{34B0BC07-B655-4702-AC19-6A852ADAEC7C}.Release|Any CPU.Build.0 = Release|Any CPU
		{79A1A6BB-FA42-4FB7-A5B3-7D40EDAD240E}.Debug|Any CPU.ActiveCfg = Debug|Any CPU
		{79A1A6BB-FA42-4FB7-A5B3-7D40EDAD240E}.Debug|Any CPU.Build.0 = Debug|Any CPU
		{79A1A6BB-FA42-4FB7-A5B3-7D40EDAD240E}.Release|Any CPU.ActiveCfg = Release|Any CPU
		{79A1A6BB-FA42-4FB7-A5B3-7D40EDAD240E}.Release|Any CPU.Build.0 = Release|Any CPU
		{B60FF56B-C832-4CD3-B396-DB4356C2D655}.Debug|Any CPU.ActiveCfg = Debug|Any CPU
		{B60FF56B-C832-4CD3-B396-DB4356C2D655}.Debug|Any CPU.Build.0 = Debug|Any CPU
		{B60FF56B-C832-4CD3-B396-DB4356C2D655}.Release|Any CPU.ActiveCfg = Release|Any CPU
		{B60FF56B-C832-4CD3-B396-DB4356C2D655}.Release|Any CPU.Build.0 = Release|Any CPU
	EndGlobalSection
	GlobalSection(SolutionProperties) = preSolution
		HideSolutionNode = FALSE
	EndGlobalSection
	GlobalSection(ExtensibilityGlobals) = postSolution
		SolutionGuid = {EBB0D577-91DB-49D9-879F-EB7669A4F66D}
	EndGlobalSection
EndGlobal
